
Microsoft Visual Studio Solution File, Format Version 12.00
# Visual Studio 15
VisualStudioVersion = 15.0.25920.0
MinimumVisualStudioVersion = 10.0.40219.1
Project("{FAE04EC0-301F-11D3-BF4B-00C04F79EFBC}") = "PicPreview", "PicPreview\PicPreview.csproj", "{4CD5C4AB-72D7-4761-85E3-CF37BDD1728F}"
EndProject
Global
	GlobalSection(SolutionConfigurationPlatforms) = preSolution
		Debug|Any CPU = Debug|Any CPU
		Release|Any CPU = Release|Any CPU
	EndGlobalSection
	GlobalSection(ProjectConfigurationPlatforms) = postSolution
		{4CD5C4AB-72D7-4761-85E3-CF37BDD1728F}.Debug|Any CPU.ActiveCfg = Debug|Any CPU
		{4CD5C4AB-72D7-4761-85E3-CF37BDD1728F}.Debug|Any CPU.Build.0 = Debug|Any CPU
		{4CD5C4AB-72D7-4761-85E3-CF37BDD1728F}.Release|Any CPU.ActiveCfg = Release|Any CPU
		{4CD5C4AB-72D7-4761-85E3-CF37BDD1728F}.Release|Any CPU.Build.0 = Release|Any CPU
	EndGlobalSection
	GlobalSection(SolutionProperties) = preSolution
		HideSolutionNode = FALSE
	EndGlobalSection
EndGlobal
